// !$*UTF8*$!
{
	archiveVersion = 1;
	classes = {
	};
	objectVersion = 50;
	objects = {

/* Begin PBXBuildFile section */
		116CA5CC263BEEEC009875DD /* AppDelegate.swift in Sources */ = {isa = PBXBuildFile; fileRef = 116CA5CB263BEEEC009875DD /* AppDelegate.swift */; };
		116CA5CE263BEEEC009875DD /* SceneDelegate.swift in Sources */ = {isa = PBXBuildFile; fileRef = 116CA5CD263BEEEC009875DD /* SceneDelegate.swift */; };
		116CA5D0263BEEEC009875DD /* ViewController.swift in Sources */ = {isa = PBXBuildFile; fileRef = 116CA5CF263BEEEC009875DD /* ViewController.swift */; };
		116CA5D3263BEEEC009875DD /* Main.storyboard in Resources */ = {isa = PBXBuildFile; fileRef = 116CA5D1263BEEEC009875DD /* Main.storyboard */; };
		116CA5D5263BEEEE009875DD /* Assets.xcassets in Resources */ = {isa = PBXBuildFile; fileRef = 116CA5D4263BEEEE009875DD /* Assets.xcassets */; };
		116CA5D8263BEEEE009875DD /* LaunchScreen.storyboard in Resources */ = {isa = PBXBuildFile; fileRef = 116CA5D6263BEEEE009875DD /* LaunchScreen.storyboard */; };
		116CA5E0263BEEFB009875DD /* FloatingSlider.swift in Sources */ = {isa = PBXBuildFile; fileRef = 116CA5DF263BEEFB009875DD /* FloatingSlider.swift */; };
/* End PBXBuildFile section */

/* Begin PBXFileReference section */
		116CA5C8263BEEEB009875DD /* FloatingSlider.app */ = {isa = PBXFileReference; explicitFileType = wrapper.application; includeInIndex = 0; path = FloatingSlider.app; sourceTree = BUILT_PRODUCTS_DIR; };
		116CA5CB263BEEEC009875DD /* AppDelegate.swift */ = {isa = PBXFileReference; lastKnownFileType = sourcecode.swift; path = AppDelegate.swift; sourceTree = "<group>"; };
		116CA5CD263BEEEC009875DD /* SceneDelegate.swift */ = {isa = PBXFileReference; lastKnownFileType = sourcecode.swift; path = SceneDelegate.swift; sourceTree = "<group>"; };
		116CA5CF263BEEEC009875DD /* ViewController.swift */ = {isa = PBXFileReference; lastKnownFileType = sourcecode.swift; path = ViewController.swift; sourceTree = "<group>"; };
		116CA5D2263BEEEC009875DD /* Base */ = {isa = PBXFileReference; lastKnownFileType = file.storyboard; name = Base; path = Base.lproj/Main.storyboard; sourceTree = "<group>"; };
		116CA5D4263BEEEE009875DD /* Assets.xcassets */ = {isa = PBXFileReference; lastKnownFileType = folder.assetcatalog; path = Assets.xcassets; sourceTree = "<group>"; };
		116CA5D7263BEEEE009875DD /* Base */ = {isa = PBXFileReference; lastKnownFileType = file.storyboard; name = Base; path = Base.lproj/LaunchScreen.storyboard; sourceTree = "<group>"; };
		116CA5D9263BEEEE009875DD /* Info.plist */ = {isa = PBXFileReference; lastKnownFileType = text.plist.xml; path = Info.plist; sourceTree = "<group>"; };
		116CA5DF263BEEFB009875DD /* FloatingSlider.swift */ = {isa = PBXFileReference; lastKnownFileType = sourcecode.swift; path = FloatingSlider.swift; sourceTree = "<group>"; };
/* End PBXFileReference section */

/* Begin PBXFrameworksBuildPhase section */
		116CA5C5263BEEEB009875DD /* Frameworks */ = {
			isa = PBXFrameworksBuildPhase;
			buildActionMask = 2147483647;
			files = (
			);
			runOnlyForDeploymentPostprocessing = 0;
		};
/* End PBXFrameworksBuildPhase section */

/* Begin PBXGroup section */
		116CA5BF263BEEEB009875DD = {
			isa = PBXGroup;
			children = (
				116CA5CA263BEEEC009875DD /* FloatingSlider */,
				116CA5C9263BEEEB009875DD /* Products */,
			);
			sourceTree = "<group>";
		};
		116CA5C9263BEEEB009875DD /* Products */ = {
			isa = PBXGroup;
			children = (
				116CA5C8263BEEEB009875DD /* FloatingSlider.app */,
			);
			name = Products;
			sourceTree = "<group>";
		};
		116CA5CA263BEEEC009875DD /* FloatingSlider */ = {
			isa = PBXGroup;
			children = (
				116CA5CB263BEEEC009875DD /* AppDelegate.swift */,
				116CA5CD263BEEEC009875DD /* SceneDelegate.swift */,
				116CA5CF263BEEEC009875DD /* ViewController.swift */,
				116CA5DF263BEEFB009875DD /* FloatingSlider.swift */,
				116CA5D1263BEEEC009875DD /* Main.storyboard */,
				116CA5D4263BEEEE009875DD /* Assets.xcassets */,
				116CA5D6263BEEEE009875DD /* LaunchScreen.storyboard */,
				116CA5D9263BEEEE009875DD /* Info.plist */,
			);
			path = FloatingSlider;
			sourceTree = "<group>";
		};
/* End PBXGroup section */

/* Begin PBXNativeTarget section */
		116CA5C7263BEEEB009875DD /* FloatingSlider */ = {
			isa = PBXNativeTarget;
			buildConfigurationList = 116CA5DC263BEEEE009875DD /* Build configuration list for PBXNativeTarget "FloatingSlider" */;
			buildPhases = (
				116CA5C4263BEEEB009875DD /* Sources */,
				116CA5C5263BEEEB009875DD /* Frameworks */,
				116CA5C6263BEEEB009875DD /* Resources */,
			);
			buildRules = (
			);
			dependencies = (
			);
			name = FloatingSlider;
			productName = FloatingSlider;
			productReference = 116CA5C8263BEEEB009875DD /* FloatingSlider.app */;
			productType = "com.apple.product-type.application";
		};
/* End PBXNativeTarget section */

/* Begin PBXProject section */
		116CA5C0263BEEEB009875DD /* Project object */ = {
			isa = PBXProject;
			attributes = {
				LastSwiftUpdateCheck = 1250;
				LastUpgradeCheck = 1250;
				TargetAttributes = {
					116CA5C7263BEEEB009875DD = {
						CreatedOnToolsVersion = 12.5;
					};
				};
			};
			buildConfigurationList = 116CA5C3263BEEEB009875DD /* Build configuration list for PBXProject "FloatingSlider" */;
			compatibilityVersion = "Xcode 9.3";
			developmentRegion = en;
			hasScannedForEncodings = 0;
			knownRegions = (
				en,
				Base,
			);
			mainGroup = 116CA5BF263BEEEB009875DD;
			productRefGroup = 116CA5C9263BEEEB009875DD /* Products */;
			projectDirPath = "";
			projectRoot = "";
			targets = (
				116CA5C7263BEEEB009875DD /* FloatingSlider */,
			);
		};
/* End PBXProject section */

/* Begin PBXResourcesBuildPhase section */
		116CA5C6263BEEEB009875DD /* Resources */ = {
			isa = PBXResourcesBuildPhase;
			buildActionMask = 2147483647;
			files = (
				116CA5D8263BEEEE009875DD /* LaunchScreen.storyboard in Resources */,
				116CA5D5263BEEEE009875DD /* Assets.xcassets in Resources */,
				116CA5D3263BEEEC009875DD /* Main.storyboard in Resources */,
			);
			runOnlyForDeploymentPostprocessing = 0;
		};
/* End PBXResourcesBuildPhase section */

/* Begin PBXSourcesBuildPhase section */
		116CA5C4263BEEEB009875DD /* Sources */ = {
			isa = PBXSourcesBuildPhase;
			buildActionMask = 2147483647;
			files = (
				116CA5D0263BEEEC009875DD /* ViewController.swift in Sources */,
				116CA5CC263BEEEC009875DD /* AppDelegate.swift in Sources */,
				116CA5E0263BEEFB009875DD /* FloatingSlider.swift in Sources */,
				116CA5CE263BEEEC009875DD /* SceneDelegate.swift in Sources */,
			);
			runOnlyForDeploymentPostprocessing = 0;
		};
/* End PBXSourcesBuildPhase section */

/* Begin PBXVariantGroup section */
		116CA5D1263BEEEC009875DD /* Main.storyboard */ = {
			isa = PBXVariantGroup;
			children = (
				116CA5D2263BEEEC009875DD /* Base */,
			);
			name = Main.storyboard;
			sourceTree = "<group>";
		};
		116CA5D6263BEEEE009875DD /* LaunchScreen.storyboard */ = {
			isa = PBXVariantGroup;
			children = (
				116CA5D7263BEEEE009875DD /* Base */,
			);
			name = LaunchScreen.storyboard;
			sourceTree = "<group>";
		};
/* End PBXVariantGroup section */

/* Begin XCBuildConfiguration section */
		116CA5DA263BEEEE009875DD /* Debug */ = {
			isa = XCBuildConfiguration;
			buildSettings = {
				ALWAYS_SEARCH_USER_PATHS = NO;
				CLANG_ANALYZER_NONNULL = YES;
				CLANG_ANALYZER_NUMBER_OBJECT_CONVERSION = YES_AGGRESSIVE;
				CLANG_CXX_LANGUAGE_STANDARD = "gnu++14";
				CLANG_CXX_LIBRARY = "libc++";
				CLANG_ENABLE_MODULES = YES;
				CLANG_ENABLE_OBJC_ARC = YES;
				CLANG_ENABLE_OBJC_WEAK = YES;
				CLANG_WARN_BLOCK_CAPTURE_AUTORELEASING = YES;
				CLANG_WARN_BOOL_CONVERSION = YES;
				CLANG_WARN_COMMA = YES;
				CLANG_WARN_CONSTANT_CONVERSION = YES;
				CLANG_WARN_DEPRECATED_OBJC_IMPLEMENTATIONS = YES;
				CLANG_WARN_DIRECT_OBJC_ISA_USAGE = YES_ERROR;
				CLANG_WARN_DOCUMENTATION_COMMENTS = YES;
				CLANG_WARN_EMPTY_BODY = YES;
				CLANG_WARN_ENUM_CONVERSION = YES;
				CLANG_WARN_INFINITE_RECURSION = YES;
				CLANG_WARN_INT_CONVERSION = YES;
				CLANG_WARN_NON_LITERAL_NULL_CONVERSION = YES;
				CLANG_WARN_OBJC_IMPLICIT_RETAIN_SELF = YES;
				CLANG_WARN_OBJC_LITERAL_CONVERSION = YES;
				CLANG_WARN_OBJC_ROOT_CLASS = YES_ERROR;
				CLANG_WARN_QUOTED_INCLUDE_IN_FRAMEWORK_HEADER = YES;
				CLANG_WARN_RANGE_LOOP_ANALYSIS = YES;
				CLANG_WARN_STRICT_PROTOTYPES = YES;
				CLANG_WARN_SUSPICIOUS_MOVE = YES;
				CLANG_WARN_UNGUARDED_AVAILABILITY = YES_AGGRESSIVE;
				CLANG_WARN_UNREACHABLE_CODE = YES;
				CLANG_WARN__DUPLICATE_METHOD_MATCH = YES;
				COPY_PHASE_STRIP = NO;
				DEBUG_INFORMATION_FORMAT = dwarf;
				ENABLE_STRICT_OBJC_MSGSEND = YES;
				ENABLE_TESTABILITY = YES;
				GCC_C_LANGUAGE_STANDARD = gnu11;
				GCC_DYNAMIC_NO_PIC = NO;
				GCC_NO_COMMON_BLOCKS = YES;
				GCC_OPTIMIZATION_LEVEL = 0;
				GCC_PREPROCESSOR_DEFINITIONS = (
					"DEBUG=1",
					"$(inherited)",
				);
				GCC_WARN_64_TO_32_BIT_CONVERSION = YES;
				GCC_WARN_ABOUT_RETURN_TYPE = YES_ERROR;
				GCC_WARN_UNDECLARED_SELECTOR = YES;
				GCC_WARN_UNINITIALIZED_AUTOS = YES_AGGRESSIVE;
				GCC_WARN_UNUSED_FUNCTION = YES;
				GCC_WARN_UNUSED_VARIABLE = YES;
				IPHONEOS_DEPLOYMENT_TARGET = 14.5;
				MTL_ENABLE_DEBUG_INFO = INCLUDE_SOURCE;
				MTL_FAST_MATH = YES;
				ONLY_ACTIVE_ARCH = YES;
				SDKROOT = iphoneos;
				SWIFT_ACTIVE_COMPILATION_CONDITIONS = DEBUG;
				SWIFT_OPTIMIZATION_LEVEL = "-Onone";
			};
			name = Debug;
		};
		116CA5DB263BEEEE009875DD /* Release */ = {
			isa = XCBuildConfiguration;
			buildSettings = {
				ALWAYS_SEARCH_USER_PATHS = NO;
				CLANG_ANALYZER_NONNULL = YES;
				CLANG_ANALYZER_NUMBER_OBJECT_CONVERSION = YES_AGGRESSIVE;
				CLANG_CXX_LANGUAGE_STANDARD = "gnu++14";
				CLANG_CXX_LIBRARY = "libc++";
				CLANG_ENABLE_MODULES = YES;
				CLANG_ENABLE_OBJC_ARC = YES;
				CLANG_ENABLE_OBJC_WEAK = YES;
				CLANG_WARN_BLOCK_CAPTURE_AUTORELEASING = YES;
				CLANG_WARN_BOOL_CONVERSION = YES;
				CLANG_WARN_COMMA = YES;
				CLANG_WARN_CONSTANT_CONVERSION = YES;
				CLANG_WARN_DEPRECATED_OBJC_IMPLEMENTATIONS = YES;
				CLANG_WARN_DIRECT_OBJC_ISA_USAGE = YES_ERROR;
				CLANG_WARN_DOCUMENTATION_COMMENTS = YES;
				CLANG_WARN_EMPTY_BODY = YES;
				CLANG_WARN_ENUM_CONVERSION = YES;
				CLANG_WARN_INFINITE_RECURSION = YES;
				CLANG_WARN_INT_CONVERSION = YES;
				CLANG_WARN_NON_LITERAL_NULL_CONVERSION = YES;
				CLANG_WARN_OBJC_IMPLICIT_RETAIN_SELF = YES;
				CLANG_WARN_OBJC_LITERAL_CONVERSION = YES;
				CLANG_WARN_OBJC_ROOT_CLASS = YES_ERROR;
				CLANG_WARN_QUOTED_INCLUDE_IN_FRAMEWORK_HEADER = YES;
				CLANG_WARN_RANGE_LOOP_ANALYSIS = YES;
				CLANG_WARN_STRICT_PROTOTYPES = YES;
				CLANG_WARN_SUSPICIOUS_MOVE = YES;
				CLANG_WARN_UNGUARDED_AVAILABILITY = YES_AGGRESSIVE;
				CLANG_WARN_UNREACHABLE_CODE = YES;
				CLANG_WARN__DUPLICATE_METHOD_MATCH = YES;
				COPY_PHASE_STRIP = NO;
				DEBUG_INFORMATION_FORMAT = "dwarf-with-dsym";
				ENABLE_NS_ASSERTIONS = NO;
				ENABLE_STRICT_OBJC_MSGSEND = YES;
				GCC_C_LANGUAGE_STANDARD = gnu11;
				GCC_NO_COMMON_BLOCKS = YES;
				GCC_WARN_64_TO_32_BIT_CONVERSION = YES;
				GCC_WARN_ABOUT_RETURN_TYPE = YES_ERROR;
				GCC_WARN_UNDECLARED_SELECTOR = YES;
				GCC_WARN_UNINITIALIZED_AUTOS = YES_AGGRESSIVE;
				GCC_WARN_UNUSED_FUNCTION = YES;
				GCC_WARN_UNUSED_VARIABLE = YES;
				IPHONEOS_DEPLOYMENT_TARGET = 14.5;
				MTL_ENABLE_DEBUG_INFO = NO;
				MTL_FAST_MATH = YES;
				SDKROOT = iphoneos;
				SWIFT_COMPILATION_MODE = wholemodule;
				SWIFT_OPTIMIZATION_LEVEL = "-O";
				VALIDATE_PRODUCT = YES;
			};
			name = Release;
		};
		116CA5DD263BEEEE009875DD /* Debug */ = {
			isa = XCBuildConfiguration;
			buildSettings = {
				ASSETCATALOG_COMPILER_APPICON_NAME = AppIcon;
				ASSETCATALOG_COMPILER_GLOBAL_ACCENT_COLOR_NAME = AccentColor;
				CODE_SIGN_STYLE = Automatic;
				DEVELOPMENT_TEAM = R2EXFBAHGS;
				INFOPLIST_FILE = FloatingSlider/Info.plist;
				LD_RUNPATH_SEARCH_PATHS = (
					"$(inherited)",
					"@executable_path/Frameworks",
				);
				PRODUCT_BUNDLE_IDENTIFIER = com.renal.FloatingSlider;
				PRODUCT_NAME = "$(TARGET_NAME)";
				SWIFT_VERSION = 5.0;
				TARGETED_DEVICE_FAMILY = "1,2";
			};
			name = Debug;
		};
		116CA5DE263BEEEE009875DD /* Release */ = {
			isa = XCBuildConfiguration;
			buildSettings = {
				ASSETCATALOG_COMPILER_APPICON_NAME = AppIcon;
				ASSETCATALOG_COMPILER_GLOBAL_ACCENT_COLOR_NAME = AccentColor;
				CODE_SIGN_STYLE = Automatic;
				DEVELOPMENT_TEAM = R2EXFBAHGS;
				INFOPLIST_FILE = FloatingSlider/Info.plist;
				LD_RUNPATH_SEARCH_PATHS = (
					"$(inherited)",
					"@executable_path/Frameworks",
				);
				PRODUCT_BUNDLE_IDENTIFIER = com.renal.FloatingSlider;
				PRODUCT_NAME = "$(TARGET_NAME)";
				SWIFT_VERSION = 5.0;
				TARGETED_DEVICE_FAMILY = "1,2";
			};
			name = Release;
		};
/* End XCBuildConfiguration section */

/* Begin XCConfigurationList section */
		116CA5C3263BEEEB009875DD /* Build configuration list for PBXProject "FloatingSlider" */ = {
			isa = XCConfigurationList;
			buildConfigurations = (
				116CA5DA263BEEEE009875DD /* Debug */,
				116CA5DB263BEEEE009875DD /* Release */,
			);
			defaultConfigurationIsVisible = 0;
			defaultConfigurationName = Release;
		};
		116CA5DC263BEEEE009875DD /* Build configuration list for PBXNativeTarget "FloatingSlider" */ = {
			isa = XCConfigurationList;
			buildConfigurations = (
				116CA5DD263BEEEE009875DD /* Debug */,
				116CA5DE263BEEEE009875DD /* Release */,
			);
			defaultConfigurationIsVisible = 0;
			defaultConfigurationName = Release;
		};
/* End XCConfigurationList section */
	};
	rootObject = 116CA5C0263BEEEB009875DD /* Project object */;
}
